{
    "version": 3,
    "terraform_version": "0.11.7",
    "serial": 2,
    "lineage": "52a09350-a02a-eef3-beff-1233deaf797c",
    "modules": [
        {
            "path": [
                "root"
            ],
            "outputs": {},
            "resources": {
                "aws_instance.example": {
                    "type": "aws_instance",
                    "depends_on": [
                        "aws_key_pair.auth",
                        "aws_security_group.default"
                    ],
                    "primary": {
                        "id": "i-009b13ce4e0e20de3",
                        "attributes": {
                            "ami": "ami-b70554c8",
                            "associate_public_ip_address": "true",
                            "availability_zone": "us-east-1d",
                            "cpu_core_count": "1",
                            "cpu_threads_per_core": "1",
                            "credit_specification.#": "1",
                            "credit_specification.0.cpu_credits": "standard",
                            "disable_api_termination": "false",
                            "ebs_block_device.#": "0",
                            "ebs_optimized": "false",
                            "ephemeral_block_device.#": "0",
                            "get_password_data": "false",
                            "iam_instance_profile": "",
                            "id": "i-009b13ce4e0e20de3",
                            "instance_state": "running",
                            "instance_type": "t2.micro",
                            "ipv6_addresses.#": "0",
                            "key_name": "test_ssh_key",
                            "monitoring": "false",
                            "network_interface.#": "0",
                            "network_interface_id": "eni-2962c77e",
                            "password_data": "",
                            "placement_group": "",
                            "primary_network_interface_id": "eni-2962c77e",
                            "private_dns": "ip-172-31-85-143.ec2.internal",
                            "private_ip": "172.31.85.143",
                            "public_dns": "ec2-54-164-89-104.compute-1.amazonaws.com",
                            "public_ip": "54.164.89.104",
                            "root_block_device.#": "1",
                            "root_block_device.0.delete_on_termination": "true",
                            "root_block_device.0.iops": "100",
                            "root_block_device.0.volume_id": "vol-09e622b9b98972b55",
                            "root_block_device.0.volume_size": "8",
                            "root_block_device.0.volume_type": "gp2",
                            "security_groups.#": "1",
                            "security_groups.1594582590": "terraform_security_group",
                            "source_dest_check": "true",
                            "subnet_id": "subnet-72976a5c",
                            "tags.%": "0",
                            "tenancy": "default",
                            "volume_tags.%": "0",
                            "vpc_security_group_ids.#": "1",
                            "vpc_security_group_ids.4086163489": "sg-2d15c260"
                        },
                        "meta": {
                            "e2bfb730-ecaa-11e6-8f88-34363bc7c4c0": {
                                "create": 600000000000,
                                "delete": 1200000000000,
                                "update": 600000000000
                            },
                            "schema_version": "1"
                        },
                        "tainted": false
                    },
                    "deposed": [],
                    "provider": "provider.aws"
                },
                "aws_key_pair.auth": {
                    "type": "aws_key_pair",
                    "depends_on": [],
                    "primary": {
                        "id": "test_ssh_key",
                        "attributes": {
                            "id": "test_ssh_key",
                            "key_name": "test_ssh_key",
                            "public_key": "ssh-rsa AAAAB3NzaC1yc2EAAAADAQABAAABAQDjerSKoZXx3hsag/SQuDExFJGT0ArwrCnhxa4jh5EB3SaAGJq7Ih8YILkVKOj4vEqljzBeAByDGAadXVVTt1nBkko1GrV70Xjj8U10L37tLxnEGL21wrJqBHPSSZWbnkG8fXSdaqA23SMxV43bnyZBua2D2xtF/zcsP9Q3hUUqAug4No2Bgio7xdlTdrEQcC0T7emcktkC+adc22AhlvXYz7SwjX6VhwuXw7532QJgGmo8LD8MrKKbJInCllwrDBoDQxQgFxGDqE4dIUPNHlZMJv66OhIIh9UOmBInLMx8uGVRI16N28v1bJPOQhG0nMwgSfwcgYVI6UopbIWbzTQJ kazumatakata@Kazumas-iMac.local"
                        },
                        "meta": {
                            "schema_version": "1"
                        },
                        "tainted": false
                    },
                    "deposed": [],
                    "provider": "provider.aws"
                },
                "aws_security_group.default": {
                    "type": "aws_security_group",
                    "depends_on": [],
                    "primary": {
                        "id": "sg-2d15c260",
                        "attributes": {
                            "arn": "arn:aws:ec2:us-east-1:326966023959:security-group/sg-2d15c260",
                            "description": "Used in the terraform",
                            "egress.#": "0",
                            "id": "sg-2d15c260",
                            "ingress.#": "1",
                            "ingress.2541437006.cidr_blocks.#": "1",
                            "ingress.2541437006.cidr_blocks.0": "0.0.0.0/0",
                            "ingress.2541437006.description": "",
                            "ingress.2541437006.from_port": "22",
                            "ingress.2541437006.ipv6_cidr_blocks.#": "0",
                            "ingress.2541437006.protocol": "tcp",
                            "ingress.2541437006.security_groups.#": "0",
                            "ingress.2541437006.self": "false",
                            "ingress.2541437006.to_port": "22",
                            "name": "terraform_security_group",
                            "owner_id": "326966023959",
                            "revoke_rules_on_delete": "false",
                            "tags.%": "0",
                            "vpc_id": "vpc-6446641f"
                        },
                        "meta": {
                            "e2bfb730-ecaa-11e6-8f88-34363bc7c4c0": {
                                "create": 600000000000,
                                "delete": 600000000000
                            },
                            "schema_version": "1"
                        },
                        "tainted": false
                    },
                    "deposed": [],
                    "provider": "provider.aws"
                }
            },
            "depends_on": []
        }
    ]
}
